
Microsoft Visual Studio Solution File, Format Version 12.00
# Visual Studio Version 16
VisualStudioVersion = 16.0.28803.202
MinimumVisualStudioVersion = 10.0.40219.1
Project("{8BC9CEB8-8B4A-11D0-8D11-00A0C91BC942}") = "camera_to_h265", "camera_to_h265\camera_to_h265.vcxproj", "{78790119-E404-4C5D-839A-FF7E4627BE82}"
EndProject
Global
	GlobalSection(SolutionConfigurationPlatforms) = preSolution
		Debug|x64 = Debug|x64
		Debug|x86 = Debug|x86
		Release|x64 = Release|x64
		Release|x86 = Release|x86
	EndGlobalSection
	GlobalSection(ProjectConfigurationPlatforms) = postSolution
		{78790119-E404-4C5D-839A-FF7E4627BE82}.Debug|x64.ActiveCfg = Debug|x64
		{78790119-E404-4C5D-839A-FF7E4627BE82}.Debug|x64.Build.0 = Debug|x64
		{78790119-E404-4C5D-839A-FF7E4627BE82}.Debug|x86.ActiveCfg = Debug|Win32
		{78790119-E404-4C5D-839A-FF7E4627BE82}.Debug|x86.Build.0 = Debug|Win32
		{78790119-E404-4C5D-839A-FF7E4627BE82}.Release|x64.ActiveCfg = Release|x64
		{78790119-E404-4C5D-839A-FF7E4627BE82}.Release|x64.Build.0 = Release|x64
		{78790119-E404-4C5D-839A-FF7E4627BE82}.Release|x86.ActiveCfg = Release|Win32
		{78790119-E404-4C5D-839A-FF7E4627BE82}.Release|x86.Build.0 = Release|Win32
	EndGlobalSection
	GlobalSection(SolutionProperties) = preSolution
		HideSolutionNode = FALSE
	EndGlobalSection
	GlobalSection(ExtensibilityGlobals) = postSolution
		SolutionGuid = {2A8F9DFE-F651-4F06-B17F-43C5E948D7C9}
	EndGlobalSection
EndGlobal
